# This file was autogenerated by uv via the following command:
#    uv pip compile pyproject.toml -o uv.lock
asgiref==3.10.0
    # via django
certifi==2025.10.5
    # via requests
cffi==2.0.0
    # via cryptography
charset-normalizer==3.4.4
    # via requests
cryptography==46.0.2
    # via pyjwt
defusedxml==0.7.1
    # via
    #   python3-openid
    #   social-auth-core
django==5.2.7
    # via
    #   contxta (pyproject.toml)
    #   djangorestframework
    #   djangorestframework-simplejwt
    #   djoser
    #   drf-yasg
    #   social-auth-app-django
djangorestframework==3.16.1
    # via
    #   contxta (pyproject.toml)
    #   djangorestframework-simplejwt
    #   djoser
    #   drf-yasg
djangorestframework-simplejwt==5.5.1
    # via
    #   contxta (pyproject.toml)
    #   djoser
djoser==2.3.3
    # via contxta (pyproject.toml)
drf-yasg==1.21.11
    # via contxta (pyproject.toml)
idna==3.11
    # via requests
inflection==0.5.1
    # via drf-yasg
mysqlclient==2.2.7
    # via contxta (pyproject.toml)
oauthlib==3.3.1
    # via
    #   requests-oauthlib
    #   social-auth-core
packaging==25.0
    # via drf-yasg
pycparser==2.23
    # via cffi
pyjwt==2.10.1
    # via
    #   djangorestframework-simplejwt
    #   social-auth-core
python-decouple==3.8
    # via contxta (pyproject.toml)
python3-openid==3.2.0
    # via social-auth-core
pytz==2025.2
    # via drf-yasg
pyyaml==6.0.3
    # via drf-yasg
requests==2.32.5
    # via
    #   requests-oauthlib
    #   social-auth-core
requests-oauthlib==2.0.0
    # via social-auth-core
social-auth-app-django==5.6.0
    # via djoser
social-auth-core==4.8.1
    # via social-auth-app-django
sqlparse==0.5.3
    # via django
uritemplate==4.2.0
    # via drf-yasg
urllib3==2.5.0
    # via requests
